// !$*UTF8*$!
{
	archiveVersion = 1;
	classes = {
	};
	objectVersion = 55;
	objects = {

/* Begin PBXBuildFile section */
		6BF02976294769B200C62D95 /* AppleFrameworksApp.swift in Sources */ = {isa = PBXBuildFile; fileRef = 6BF02975294769B200C62D95 /* AppleFrameworksApp.swift */; };
		6BF0297A294769B400C62D95 /* Assets.xcassets in Resources */ = {isa = PBXBuildFile; fileRef = 6BF02979294769B400C62D95 /* Assets.xcassets */; };
		6BF0297D294769B400C62D95 /* Preview Assets.xcassets in Resources */ = {isa = PBXBuildFile; fileRef = 6BF0297C294769B400C62D95 /* Preview Assets.xcassets */; };
		6BF0298429476AB300C62D95 /* Framework.swift in Sources */ = {isa = PBXBuildFile; fileRef = 6BF0298329476AB300C62D95 /* Framework.swift */; };
		6BF0298629476BA700C62D95 /* FrameworkGridView.swift in Sources */ = {isa = PBXBuildFile; fileRef = 6BF0298529476BA700C62D95 /* FrameworkGridView.swift */; };
		6BF029882947741900C62D95 /* FrameworkDetailView.swift in Sources */ = {isa = PBXBuildFile; fileRef = 6BF029872947741900C62D95 /* FrameworkDetailView.swift */; };
		6BF0298A29477C4A00C62D95 /* MoreButton.swift in Sources */ = {isa = PBXBuildFile; fileRef = 6BF0298929477C4A00C62D95 /* MoreButton.swift */; };
		6BF0298C29477F2D00C62D95 /* FrameworkGridViewModel.swift in Sources */ = {isa = PBXBuildFile; fileRef = 6BF0298B29477F2D00C62D95 /* FrameworkGridViewModel.swift */; };
		6BF0298E294788E800C62D95 /* SafariView.swift in Sources */ = {isa = PBXBuildFile; fileRef = 6BF0298D294788E800C62D95 /* SafariView.swift */; };
		6BF0299029478C6100C62D95 /* FrameworkTitleView.swift in Sources */ = {isa = PBXBuildFile; fileRef = 6BF0298F29478C6100C62D95 /* FrameworkTitleView.swift */; };
		6BF0299229478CE100C62D95 /* XDismissButton.swift in Sources */ = {isa = PBXBuildFile; fileRef = 6BF0299129478CE100C62D95 /* XDismissButton.swift */; };
/* End PBXBuildFile section */

/* Begin PBXFileReference section */
		6BF02972294769B200C62D95 /* AppleFrameworks.app */ = {isa = PBXFileReference; explicitFileType = wrapper.application; includeInIndex = 0; path = AppleFrameworks.app; sourceTree = BUILT_PRODUCTS_DIR; };
		6BF02975294769B200C62D95 /* AppleFrameworksApp.swift */ = {isa = PBXFileReference; lastKnownFileType = sourcecode.swift; path = AppleFrameworksApp.swift; sourceTree = "<group>"; };
		6BF02979294769B400C62D95 /* Assets.xcassets */ = {isa = PBXFileReference; lastKnownFileType = folder.assetcatalog; path = Assets.xcassets; sourceTree = "<group>"; };
		6BF0297C294769B400C62D95 /* Preview Assets.xcassets */ = {isa = PBXFileReference; lastKnownFileType = folder.assetcatalog; path = "Preview Assets.xcassets"; sourceTree = "<group>"; };
		6BF0298329476AB300C62D95 /* Framework.swift */ = {isa = PBXFileReference; lastKnownFileType = sourcecode.swift; path = Framework.swift; sourceTree = "<group>"; };
		6BF0298529476BA700C62D95 /* FrameworkGridView.swift */ = {isa = PBXFileReference; lastKnownFileType = sourcecode.swift; path = FrameworkGridView.swift; sourceTree = "<group>"; };
		6BF029872947741900C62D95 /* FrameworkDetailView.swift */ = {isa = PBXFileReference; lastKnownFileType = sourcecode.swift; path = FrameworkDetailView.swift; sourceTree = "<group>"; };
		6BF0298929477C4A00C62D95 /* MoreButton.swift */ = {isa = PBXFileReference; lastKnownFileType = sourcecode.swift; path = MoreButton.swift; sourceTree = "<group>"; };
		6BF0298B29477F2D00C62D95 /* FrameworkGridViewModel.swift */ = {isa = PBXFileReference; lastKnownFileType = sourcecode.swift; path = FrameworkGridViewModel.swift; sourceTree = "<group>"; };
		6BF0298D294788E800C62D95 /* SafariView.swift */ = {isa = PBXFileReference; lastKnownFileType = sourcecode.swift; path = SafariView.swift; sourceTree = "<group>"; };
		6BF0298F29478C6100C62D95 /* FrameworkTitleView.swift */ = {isa = PBXFileReference; lastKnownFileType = sourcecode.swift; path = FrameworkTitleView.swift; sourceTree = "<group>"; };
		6BF0299129478CE100C62D95 /* XDismissButton.swift */ = {isa = PBXFileReference; lastKnownFileType = sourcecode.swift; path = XDismissButton.swift; sourceTree = "<group>"; };
/* End PBXFileReference section */

/* Begin PBXFrameworksBuildPhase section */
		6BF0296F294769B200C62D95 /* Frameworks */ = {
			isa = PBXFrameworksBuildPhase;
			buildActionMask = 2147483647;
			files = (
			);
			runOnlyForDeploymentPostprocessing = 0;
		};
/* End PBXFrameworksBuildPhase section */

/* Begin PBXGroup section */
		6BF02969294769B100C62D95 = {
			isa = PBXGroup;
			children = (
				6BF02974294769B200C62D95 /* AppleFrameworks */,
				6BF02973294769B200C62D95 /* Products */,
			);
			sourceTree = "<group>";
		};
		6BF02973294769B200C62D95 /* Products */ = {
			isa = PBXGroup;
			children = (
				6BF02972294769B200C62D95 /* AppleFrameworks.app */,
			);
			name = Products;
			sourceTree = "<group>";
		};
		6BF02974294769B200C62D95 /* AppleFrameworks */ = {
			isa = PBXGroup;
			children = (
				6BF02975294769B200C62D95 /* AppleFrameworksApp.swift */,
				6BF0299A29478EAC00C62D95 /* UIKitComponents */,
				6BF0299729478E5F00C62D95 /* Views */,
				6BF0299629478E4700C62D95 /* Model */,
				6BF0299329478E0100C62D95 /* Screens */,
				6BF02979294769B400C62D95 /* Assets.xcassets */,
				6BF0297B294769B400C62D95 /* Preview Content */,
			);
			path = AppleFrameworks;
			sourceTree = "<group>";
		};
		6BF0297B294769B400C62D95 /* Preview Content */ = {
			isa = PBXGroup;
			children = (
				6BF0297C294769B400C62D95 /* Preview Assets.xcassets */,
			);
			path = "Preview Content";
			sourceTree = "<group>";
		};
		6BF0299329478E0100C62D95 /* Screens */ = {
			isa = PBXGroup;
			children = (
				6BF0299429478E1900C62D95 /* FrameworkGridView */,
				6BF0299529478E2F00C62D95 /* FrameworkDetailView */,
			);
			path = Screens;
			sourceTree = "<group>";
		};
		6BF0299429478E1900C62D95 /* FrameworkGridView */ = {
			isa = PBXGroup;
			children = (
				6BF0298B29477F2D00C62D95 /* FrameworkGridViewModel.swift */,
				6BF0298529476BA700C62D95 /* FrameworkGridView.swift */,
			);
			path = FrameworkGridView;
			sourceTree = "<group>";
		};
		6BF0299529478E2F00C62D95 /* FrameworkDetailView */ = {
			isa = PBXGroup;
			children = (
				6BF029872947741900C62D95 /* FrameworkDetailView.swift */,
			);
			path = FrameworkDetailView;
			sourceTree = "<group>";
		};
		6BF0299629478E4700C62D95 /* Model */ = {
			isa = PBXGroup;
			children = (
				6BF0298329476AB300C62D95 /* Framework.swift */,
			);
			path = Model;
			sourceTree = "<group>";
		};
		6BF0299729478E5F00C62D95 /* Views */ = {
			isa = PBXGroup;
			children = (
				6BF0299929478E9200C62D95 /* View */,
				6BF0299829478E6C00C62D95 /* Buttons */,
			);
			path = Views;
			sourceTree = "<group>";
		};
		6BF0299829478E6C00C62D95 /* Buttons */ = {
			isa = PBXGroup;
			children = (
				6BF0299129478CE100C62D95 /* XDismissButton.swift */,
				6BF0298929477C4A00C62D95 /* MoreButton.swift */,
			);
			path = Buttons;
			sourceTree = "<group>";
		};
		6BF0299929478E9200C62D95 /* View */ = {
			isa = PBXGroup;
			children = (
				6BF0298F29478C6100C62D95 /* FrameworkTitleView.swift */,
			);
			path = View;
			sourceTree = "<group>";
		};
		6BF0299A29478EAC00C62D95 /* UIKitComponents */ = {
			isa = PBXGroup;
			children = (
				6BF0298D294788E800C62D95 /* SafariView.swift */,
			);
			path = UIKitComponents;
			sourceTree = "<group>";
		};
/* End PBXGroup section */

/* Begin PBXNativeTarget section */
		6BF02971294769B200C62D95 /* AppleFrameworks */ = {
			isa = PBXNativeTarget;
			buildConfigurationList = 6BF02980294769B400C62D95 /* Build configuration list for PBXNativeTarget "AppleFrameworks" */;
			buildPhases = (
				6BF0296E294769B200C62D95 /* Sources */,
				6BF0296F294769B200C62D95 /* Frameworks */,
				6BF02970294769B200C62D95 /* Resources */,
			);
			buildRules = (
			);
			dependencies = (
			);
			name = AppleFrameworks;
			productName = AppleFrameworks;
			productReference = 6BF02972294769B200C62D95 /* AppleFrameworks.app */;
			productType = "com.apple.product-type.application";
		};
/* End PBXNativeTarget section */

/* Begin PBXProject section */
		6BF0296A294769B100C62D95 /* Project object */ = {
			isa = PBXProject;
			attributes = {
				BuildIndependentTargetsInParallel = 1;
				LastSwiftUpdateCheck = 1340;
				LastUpgradeCheck = 1340;
				TargetAttributes = {
					6BF02971294769B200C62D95 = {
						CreatedOnToolsVersion = 13.4.1;
					};
				};
			};
			buildConfigurationList = 6BF0296D294769B100C62D95 /* Build configuration list for PBXProject "AppleFrameworks" */;
			compatibilityVersion = "Xcode 13.0";
			developmentRegion = en;
			hasScannedForEncodings = 0;
			knownRegions = (
				en,
				Base,
			);
			mainGroup = 6BF02969294769B100C62D95;
			productRefGroup = 6BF02973294769B200C62D95 /* Products */;
			projectDirPath = "";
			projectRoot = "";
			targets = (
				6BF02971294769B200C62D95 /* AppleFrameworks */,
			);
		};
/* End PBXProject section */

/* Begin PBXResourcesBuildPhase section */
		6BF02970294769B200C62D95 /* Resources */ = {
			isa = PBXResourcesBuildPhase;
			buildActionMask = 2147483647;
			files = (
				6BF0297D294769B400C62D95 /* Preview Assets.xcassets in Resources */,
				6BF0297A294769B400C62D95 /* Assets.xcassets in Resources */,
			);
			runOnlyForDeploymentPostprocessing = 0;
		};
/* End PBXResourcesBuildPhase section */

/* Begin PBXSourcesBuildPhase section */
		6BF0296E294769B200C62D95 /* Sources */ = {
			isa = PBXSourcesBuildPhase;
			buildActionMask = 2147483647;
			files = (
				6BF0298A29477C4A00C62D95 /* MoreButton.swift in Sources */,
				6BF029882947741900C62D95 /* FrameworkDetailView.swift in Sources */,
				6BF0299229478CE100C62D95 /* XDismissButton.swift in Sources */,
				6BF0298629476BA700C62D95 /* FrameworkGridView.swift in Sources */,
				6BF0298429476AB300C62D95 /* Framework.swift in Sources */,
				6BF02976294769B200C62D95 /* AppleFrameworksApp.swift in Sources */,
				6BF0298C29477F2D00C62D95 /* FrameworkGridViewModel.swift in Sources */,
				6BF0299029478C6100C62D95 /* FrameworkTitleView.swift in Sources */,
				6BF0298E294788E800C62D95 /* SafariView.swift in Sources */,
			);
			runOnlyForDeploymentPostprocessing = 0;
		};
/* End PBXSourcesBuildPhase section */

/* Begin XCBuildConfiguration section */
		6BF0297E294769B400C62D95 /* Debug */ = {
			isa = XCBuildConfiguration;
			buildSettings = {
				ALWAYS_SEARCH_USER_PATHS = NO;
				CLANG_ANALYZER_NONNULL = YES;
				CLANG_ANALYZER_NUMBER_OBJECT_CONVERSION = YES_AGGRESSIVE;
				CLANG_CXX_LANGUAGE_STANDARD = "gnu++17";
				CLANG_ENABLE_MODULES = YES;
				CLANG_ENABLE_OBJC_ARC = YES;
				CLANG_ENABLE_OBJC_WEAK = YES;
				CLANG_WARN_BLOCK_CAPTURE_AUTORELEASING = YES;
				CLANG_WARN_BOOL_CONVERSION = YES;
				CLANG_WARN_COMMA = YES;
				CLANG_WARN_CONSTANT_CONVERSION = YES;
				CLANG_WARN_DEPRECATED_OBJC_IMPLEMENTATIONS = YES;
				CLANG_WARN_DIRECT_OBJC_ISA_USAGE = YES_ERROR;
				CLANG_WARN_DOCUMENTATION_COMMENTS = YES;
				CLANG_WARN_EMPTY_BODY = YES;
				CLANG_WARN_ENUM_CONVERSION = YES;
				CLANG_WARN_INFINITE_RECURSION = YES;
				CLANG_WARN_INT_CONVERSION = YES;
				CLANG_WARN_NON_LITERAL_NULL_CONVERSION = YES;
				CLANG_WARN_OBJC_IMPLICIT_RETAIN_SELF = YES;
				CLANG_WARN_OBJC_LITERAL_CONVERSION = YES;
				CLANG_WARN_OBJC_ROOT_CLASS = YES_ERROR;
				CLANG_WARN_QUOTED_INCLUDE_IN_FRAMEWORK_HEADER = YES;
				CLANG_WARN_RANGE_LOOP_ANALYSIS = YES;
				CLANG_WARN_STRICT_PROTOTYPES = YES;
				CLANG_WARN_SUSPICIOUS_MOVE = YES;
				CLANG_WARN_UNGUARDED_AVAILABILITY = YES_AGGRESSIVE;
				CLANG_WARN_UNREACHABLE_CODE = YES;
				CLANG_WARN__DUPLICATE_METHOD_MATCH = YES;
				COPY_PHASE_STRIP = NO;
				DEBUG_INFORMATION_FORMAT = dwarf;
				ENABLE_STRICT_OBJC_MSGSEND = YES;
				ENABLE_TESTABILITY = YES;
				GCC_C_LANGUAGE_STANDARD = gnu11;
				GCC_DYNAMIC_NO_PIC = NO;
				GCC_NO_COMMON_BLOCKS = YES;
				GCC_OPTIMIZATION_LEVEL = 0;
				GCC_PREPROCESSOR_DEFINITIONS = (
					"DEBUG=1",
					"$(inherited)",
				);
				GCC_WARN_64_TO_32_BIT_CONVERSION = YES;
				GCC_WARN_ABOUT_RETURN_TYPE = YES_ERROR;
				GCC_WARN_UNDECLARED_SELECTOR = YES;
				GCC_WARN_UNINITIALIZED_AUTOS = YES_AGGRESSIVE;
				GCC_WARN_UNUSED_FUNCTION = YES;
				GCC_WARN_UNUSED_VARIABLE = YES;
				IPHONEOS_DEPLOYMENT_TARGET = 15.5;
				MTL_ENABLE_DEBUG_INFO = INCLUDE_SOURCE;
				MTL_FAST_MATH = YES;
				ONLY_ACTIVE_ARCH = YES;
				SDKROOT = iphoneos;
				SWIFT_ACTIVE_COMPILATION_CONDITIONS = DEBUG;
				SWIFT_OPTIMIZATION_LEVEL = "-Onone";
			};
			name = Debug;
		};
		6BF0297F294769B400C62D95 /* Release */ = {
			isa = XCBuildConfiguration;
			buildSettings = {
				ALWAYS_SEARCH_USER_PATHS = NO;
				CLANG_ANALYZER_NONNULL = YES;
				CLANG_ANALYZER_NUMBER_OBJECT_CONVERSION = YES_AGGRESSIVE;
				CLANG_CXX_LANGUAGE_STANDARD = "gnu++17";
				CLANG_ENABLE_MODULES = YES;
				CLANG_ENABLE_OBJC_ARC = YES;
				CLANG_ENABLE_OBJC_WEAK = YES;
				CLANG_WARN_BLOCK_CAPTURE_AUTORELEASING = YES;
				CLANG_WARN_BOOL_CONVERSION = YES;
				CLANG_WARN_COMMA = YES;
				CLANG_WARN_CONSTANT_CONVERSION = YES;
				CLANG_WARN_DEPRECATED_OBJC_IMPLEMENTATIONS = YES;
				CLANG_WARN_DIRECT_OBJC_ISA_USAGE = YES_ERROR;
				CLANG_WARN_DOCUMENTATION_COMMENTS = YES;
				CLANG_WARN_EMPTY_BODY = YES;
				CLANG_WARN_ENUM_CONVERSION = YES;
				CLANG_WARN_INFINITE_RECURSION = YES;
				CLANG_WARN_INT_CONVERSION = YES;
				CLANG_WARN_NON_LITERAL_NULL_CONVERSION = YES;
				CLANG_WARN_OBJC_IMPLICIT_RETAIN_SELF = YES;
				CLANG_WARN_OBJC_LITERAL_CONVERSION = YES;
				CLANG_WARN_OBJC_ROOT_CLASS = YES_ERROR;
				CLANG_WARN_QUOTED_INCLUDE_IN_FRAMEWORK_HEADER = YES;
				CLANG_WARN_RANGE_LOOP_ANALYSIS = YES;
				CLANG_WARN_STRICT_PROTOTYPES = YES;
				CLANG_WARN_SUSPICIOUS_MOVE = YES;
				CLANG_WARN_UNGUARDED_AVAILABILITY = YES_AGGRESSIVE;
				CLANG_WARN_UNREACHABLE_CODE = YES;
				CLANG_WARN__DUPLICATE_METHOD_MATCH = YES;
				COPY_PHASE_STRIP = NO;
				DEBUG_INFORMATION_FORMAT = "dwarf-with-dsym";
				ENABLE_NS_ASSERTIONS = NO;
				ENABLE_STRICT_OBJC_MSGSEND = YES;
				GCC_C_LANGUAGE_STANDARD = gnu11;
				GCC_NO_COMMON_BLOCKS = YES;
				GCC_WARN_64_TO_32_BIT_CONVERSION = YES;
				GCC_WARN_ABOUT_RETURN_TYPE = YES_ERROR;
				GCC_WARN_UNDECLARED_SELECTOR = YES;
				GCC_WARN_UNINITIALIZED_AUTOS = YES_AGGRESSIVE;
				GCC_WARN_UNUSED_FUNCTION = YES;
				GCC_WARN_UNUSED_VARIABLE = YES;
				IPHONEOS_DEPLOYMENT_TARGET = 15.5;
				MTL_ENABLE_DEBUG_INFO = NO;
				MTL_FAST_MATH = YES;
				SDKROOT = iphoneos;
				SWIFT_COMPILATION_MODE = wholemodule;
				SWIFT_OPTIMIZATION_LEVEL = "-O";
				VALIDATE_PRODUCT = YES;
			};
			name = Release;
		};
		6BF02981294769B400C62D95 /* Debug */ = {
			isa = XCBuildConfiguration;
			buildSettings = {
				ASSETCATALOG_COMPILER_APPICON_NAME = AppIcon;
				ASSETCATALOG_COMPILER_GLOBAL_ACCENT_COLOR_NAME = AccentColor;
				CODE_SIGN_STYLE = Automatic;
				CURRENT_PROJECT_VERSION = 1;
				DEVELOPMENT_ASSET_PATHS = "\"AppleFrameworks/Preview Content\"";
				DEVELOPMENT_TEAM = 4KD454344K;
				ENABLE_PREVIEWS = YES;
				GENERATE_INFOPLIST_FILE = YES;
				INFOPLIST_KEY_UIApplicationSceneManifest_Generation = YES;
				INFOPLIST_KEY_UIApplicationSupportsIndirectInputEvents = YES;
				INFOPLIST_KEY_UILaunchScreen_Generation = YES;
				INFOPLIST_KEY_UISupportedInterfaceOrientations_iPad = "UIInterfaceOrientationPortrait UIInterfaceOrientationPortraitUpsideDown UIInterfaceOrientationLandscapeLeft UIInterfaceOrientationLandscapeRight";
				INFOPLIST_KEY_UISupportedInterfaceOrientations_iPhone = "UIInterfaceOrientationPortrait UIInterfaceOrientationLandscapeLeft UIInterfaceOrientationLandscapeRight";
				LD_RUNPATH_SEARCH_PATHS = (
					"$(inherited)",
					"@executable_path/Frameworks",
				);
				MARKETING_VERSION = 1.0;
				PRODUCT_BUNDLE_IDENTIFIER = com.simondahan.AppleFrameworks;
				PRODUCT_NAME = "$(TARGET_NAME)";
				SWIFT_EMIT_LOC_STRINGS = YES;
				SWIFT_VERSION = 5.0;
				TARGETED_DEVICE_FAMILY = "1,2";
			};
			name = Debug;
		};
		6BF02982294769B400C62D95 /* Release */ = {
			isa = XCBuildConfiguration;
			buildSettings = {
				ASSETCATALOG_COMPILER_APPICON_NAME = AppIcon;
				ASSETCATALOG_COMPILER_GLOBAL_ACCENT_COLOR_NAME = AccentColor;
				CODE_SIGN_STYLE = Automatic;
				CURRENT_PROJECT_VERSION = 1;
				DEVELOPMENT_ASSET_PATHS = "\"AppleFrameworks/Preview Content\"";
				DEVELOPMENT_TEAM = 4KD454344K;
				ENABLE_PREVIEWS = YES;
				GENERATE_INFOPLIST_FILE = YES;
				INFOPLIST_KEY_UIApplicationSceneManifest_Generation = YES;
				INFOPLIST_KEY_UIApplicationSupportsIndirectInputEvents = YES;
				INFOPLIST_KEY_UILaunchScreen_Generation = YES;
				INFOPLIST_KEY_UISupportedInterfaceOrientations_iPad = "UIInterfaceOrientationPortrait UIInterfaceOrientationPortraitUpsideDown UIInterfaceOrientationLandscapeLeft UIInterfaceOrientationLandscapeRight";
				INFOPLIST_KEY_UISupportedInterfaceOrientations_iPhone = "UIInterfaceOrientationPortrait UIInterfaceOrientationLandscapeLeft UIInterfaceOrientationLandscapeRight";
				LD_RUNPATH_SEARCH_PATHS = (
					"$(inherited)",
					"@executable_path/Frameworks",
				);
				MARKETING_VERSION = 1.0;
				PRODUCT_BUNDLE_IDENTIFIER = com.simondahan.AppleFrameworks;
				PRODUCT_NAME = "$(TARGET_NAME)";
				SWIFT_EMIT_LOC_STRINGS = YES;
				SWIFT_VERSION = 5.0;
				TARGETED_DEVICE_FAMILY = "1,2";
			};
			name = Release;
		};
/* End XCBuildConfiguration section */

/* Begin XCConfigurationList section */
		6BF0296D294769B100C62D95 /* Build configuration list for PBXProject "AppleFrameworks" */ = {
			isa = XCConfigurationList;
			buildConfigurations = (
				6BF0297E294769B400C62D95 /* Debug */,
				6BF0297F294769B400C62D95 /* Release */,
			);
			defaultConfigurationIsVisible = 0;
			defaultConfigurationName = Release;
		};
		6BF02980294769B400C62D95 /* Build configuration list for PBXNativeTarget "AppleFrameworks" */ = {
			isa = XCConfigurationList;
			buildConfigurations = (
				6BF02981294769B400C62D95 /* Debug */,
				6BF02982294769B400C62D95 /* Release */,
			);
			defaultConfigurationIsVisible = 0;
			defaultConfigurationName = Release;
		};
/* End XCConfigurationList section */
	};
	rootObject = 6BF0296A294769B100C62D95 /* Project object */;
}
